
Microsoft Visual Studio Solution File, Format Version 12.00
# Visual Studio Version 16
VisualStudioVersion = 16.0.32901.82
MinimumVisualStudioVersion = 10.0.40219.1
Project("{9A19103F-16F7-4668-BE54-9A1E7A4F7556}") = "ECommerce.Api.Products", "ECommerce.Api.Products\ECommerce.Api.Products.csproj", "{A507EFA6-BDB4-4452-A682-7B03D3D61B50}"
EndProject
Project("{9A19103F-16F7-4668-BE54-9A1E7A4F7556}") = "ECommerce.Api.Customers", "ECommerce.Api.Customers\ECommerce.Api.Customers.csproj", "{F3D8ABA0-9921-4B07-9741-1E206CB1F86A}"
EndProject
Project("{9A19103F-16F7-4668-BE54-9A1E7A4F7556}") = "ECommerce.Api.Orders", "ECommerce.Api.Orders\ECommerce.Api.Orders.csproj", "{0FFD7D01-9503-4D79-B68C-375B5098896B}"
EndProject
Project("{9A19103F-16F7-4668-BE54-9A1E7A4F7556}") = "ECommerce.Api.Search", "ECommerce.Api.Search\ECommerce.Api.Search.csproj", "{6CDBF769-61EB-4B41-8FE0-0FF4B368FF9E}"
EndProject
Project("{9A19103F-16F7-4668-BE54-9A1E7A4F7556}") = "ECommerce.Api.Products.Tests", "ECommerce.Api.Products.Tests\ECommerce.Api.Products.Tests.csproj", "{83BE1EAB-3E52-4B24-9018-2992C3FD9CA8}"
EndProject
Project("{E53339B2-1760-4266-BCC7-CA923CBCF16C}") = "docker-compose", "docker-compose.dcproj", "{6DF3543A-C084-48E1-BE4A-B5403C4BCCD6}"
EndProject
Global
	GlobalSection(SolutionConfigurationPlatforms) = preSolution
		Debug|Any CPU = Debug|Any CPU
		Release|Any CPU = Release|Any CPU
	EndGlobalSection
	GlobalSection(ProjectConfigurationPlatforms) = postSolution
		{A507EFA6-BDB4-4452-A682-7B03D3D61B50}.Debug|Any CPU.ActiveCfg = Debug|Any CPU
		{A507EFA6-BDB4-4452-A682-7B03D3D61B50}.Debug|Any CPU.Build.0 = Debug|Any CPU
		{A507EFA6-BDB4-4452-A682-7B03D3D61B50}.Release|Any CPU.ActiveCfg = Release|Any CPU
		{A507EFA6-BDB4-4452-A682-7B03D3D61B50}.Release|Any CPU.Build.0 = Release|Any CPU
		{F3D8ABA0-9921-4B07-9741-1E206CB1F86A}.Debug|Any CPU.ActiveCfg = Debug|Any CPU
		{F3D8ABA0-9921-4B07-9741-1E206CB1F86A}.Debug|Any CPU.Build.0 = Debug|Any CPU
		{F3D8ABA0-9921-4B07-9741-1E206CB1F86A}.Release|Any CPU.ActiveCfg = Release|Any CPU
		{F3D8ABA0-9921-4B07-9741-1E206CB1F86A}.Release|Any CPU.Build.0 = Release|Any CPU
		{0FFD7D01-9503-4D79-B68C-375B5098896B}.Debug|Any CPU.ActiveCfg = Debug|Any CPU
		{0FFD7D01-9503-4D79-B68C-375B5098896B}.Debug|Any CPU.Build.0 = Debug|Any CPU
		{0FFD7D01-9503-4D79-B68C-375B5098896B}.Release|Any CPU.ActiveCfg = Release|Any CPU
		{0FFD7D01-9503-4D79-B68C-375B5098896B}.Release|Any CPU.Build.0 = Release|Any CPU
		{6CDBF769-61EB-4B41-8FE0-0FF4B368FF9E}.Debug|Any CPU.ActiveCfg = Debug|Any CPU
		{6CDBF769-61EB-4B41-8FE0-0FF4B368FF9E}.Debug|Any CPU.Build.0 = Debug|Any CPU
		{6CDBF769-61EB-4B41-8FE0-0FF4B368FF9E}.Release|Any CPU.ActiveCfg = Release|Any CPU
		{6CDBF769-61EB-4B41-8FE0-0FF4B368FF9E}.Release|Any CPU.Build.0 = Release|Any CPU
		{83BE1EAB-3E52-4B24-9018-2992C3FD9CA8}.Debug|Any CPU.ActiveCfg = Debug|Any CPU
		{83BE1EAB-3E52-4B24-9018-2992C3FD9CA8}.Debug|Any CPU.Build.0 = Debug|Any CPU
		{83BE1EAB-3E52-4B24-9018-2992C3FD9CA8}.Release|Any CPU.ActiveCfg = Release|Any CPU
		{83BE1EAB-3E52-4B24-9018-2992C3FD9CA8}.Release|Any CPU.Build.0 = Release|Any CPU
		{6DF3543A-C084-48E1-BE4A-B5403C4BCCD6}.Debug|Any CPU.ActiveCfg = Debug|Any CPU
		{6DF3543A-C084-48E1-BE4A-B5403C4BCCD6}.Debug|Any CPU.Build.0 = Debug|Any CPU
		{6DF3543A-C084-48E1-BE4A-B5403C4BCCD6}.Release|Any CPU.ActiveCfg = Release|Any CPU
		{6DF3543A-C084-48E1-BE4A-B5403C4BCCD6}.Release|Any CPU.Build.0 = Release|Any CPU
	EndGlobalSection
	GlobalSection(SolutionProperties) = preSolution
		HideSolutionNode = FALSE
	EndGlobalSection
	GlobalSection(ExtensibilityGlobals) = postSolution
		SolutionGuid = {E3383115-BBF0-4621-8E5C-5CD71EF5B818}
	EndGlobalSection
EndGlobal
